{
  "name": "com.joaopedrobordin.appescola",
  "version": "1.0.0",
  "lockfileVersion": 2,
  "requires": true,
  "packages": {
    "": {
      "name": "com.joaopedrobordin.appescola",
      "version": "1.0.0",
      "license": "Apache-2.0",
      "devDependencies": {
        "cordova-plugin-splashscreen": "^6.0.1",
        "cordova-plugin-vibration": "^3.1.1"
      }
    },
    "node_modules/cordova-plugin-splashscreen": {
      "version": "6.0.1",
      "resolved": "https://registry.npmjs.org/cordova-plugin-splashscreen/-/cordova-plugin-splashscreen-6.0.1.tgz",
      "integrity": "sha512-olJPBFRUuzunzeuB76TOBoq3yYlnhpWDk/S7ErR6MdqPz1KuK36omB9u4o//SdgfBbxHz+SsUtyvst68NrU3pA==",
      "dev": true,
      "engines": {
        "cordovaDependencies": {
          ">=4.0.0": {
            "cordova-android": ">=3.6.0",
            "cordova-windows": ">=4.4.0"
          },
          "2.0.0": {
            "cordova-android": ">=3.6.0"
          },
          "7.0.0": {
            "cordova": ">100"
          }
        }
      }
    },
    "node_modules/cordova-plugin-vibration": {
      "version": "3.1.1",
      "resolved": "https://registry.npmjs.org/cordova-plugin-vibration/-/cordova-plugin-vibration-3.1.1.tgz",
      "integrity": "sha512-qgv67Rueo4Pydfant3TwnXeFiN9dl+6lKMM6h5jYg9XewiGAGOr8vfWsTvQssC3m3xMKGS1ap3xPNH+BzZ4RMA==",
      "dev": true,
      "engines": {
        "cordovaDependencies": {
          "4.0.0": {
            "cordova": ">100"
          }
        }
      }
    }
  },
  "dependencies": {
    "cordova-plugin-splashscreen": {
      "version": "6.0.1",
      "resolved": "https://registry.npmjs.org/cordova-plugin-splashscreen/-/cordova-plugin-splashscreen-6.0.1.tgz",
      "integrity": "sha512-olJPBFRUuzunzeuB76TOBoq3yYlnhpWDk/S7ErR6MdqPz1KuK36omB9u4o//SdgfBbxHz+SsUtyvst68NrU3pA==",
      "dev": true
    },
    "cordova-plugin-vibration": {
      "version": "3.1.1",
      "resolved": "https://registry.npmjs.org/cordova-plugin-vibration/-/cordova-plugin-vibration-3.1.1.tgz",
      "integrity": "sha512-qgv67Rueo4Pydfant3TwnXeFiN9dl+6lKMM6h5jYg9XewiGAGOr8vfWsTvQssC3m3xMKGS1ap3xPNH+BzZ4RMA==",
      "dev": true
    }
  }
}
